
Microsoft Visual Studio Solution File, Format Version 12.00
# Visual Studio Version 17
VisualStudioVersion = 17.1.32319.34
MinimumVisualStudioVersion = 10.0.40219.1
Project("{9A19103F-16F7-4668-BE54-9A1E7A4F7556}") = "PayrollApp.Console", "src\PayrollApp.Console\PayrollApp.Console.csproj", "{C13F5E34-E275-4267-A99F-5244BE722F26}"
EndProject
Project("{9A19103F-16F7-4668-BE54-9A1E7A4F7556}") = "PayrollApp.Application", "src\Payroll.Application\PayrollApp.Application.csproj", "{6AD1873A-485E-443E-8CC2-6802A2C8FB59}"
EndProject
Global
	GlobalSection(SolutionConfigurationPlatforms) = preSolution
		Debug|Any CPU = Debug|Any CPU
		Release|Any CPU = Release|Any CPU
	EndGlobalSection
	GlobalSection(ProjectConfigurationPlatforms) = postSolution
		{C13F5E34-E275-4267-A99F-5244BE722F26}.Debug|Any CPU.ActiveCfg = Debug|Any CPU
		{C13F5E34-E275-4267-A99F-5244BE722F26}.Debug|Any CPU.Build.0 = Debug|Any CPU
		{C13F5E34-E275-4267-A99F-5244BE722F26}.Release|Any CPU.ActiveCfg = Release|Any CPU
		{C13F5E34-E275-4267-A99F-5244BE722F26}.Release|Any CPU.Build.0 = Release|Any CPU
		{6AD1873A-485E-443E-8CC2-6802A2C8FB59}.Debug|Any CPU.ActiveCfg = Debug|Any CPU
		{6AD1873A-485E-443E-8CC2-6802A2C8FB59}.Debug|Any CPU.Build.0 = Debug|Any CPU
		{6AD1873A-485E-443E-8CC2-6802A2C8FB59}.Release|Any CPU.ActiveCfg = Release|Any CPU
		{6AD1873A-485E-443E-8CC2-6802A2C8FB59}.Release|Any CPU.Build.0 = Release|Any CPU
	EndGlobalSection
	GlobalSection(SolutionProperties) = preSolution
		HideSolutionNode = FALSE
	EndGlobalSection
	GlobalSection(ExtensibilityGlobals) = postSolution
		SolutionGuid = {77423D3F-3117-4287-B4F1-E49D912B8E37}
	EndGlobalSection
EndGlobal
